
Microsoft Visual Studio Solution File, Format Version 12.00
# Visual Studio Version 16
VisualStudioVersion = 16.0.31729.503
MinimumVisualStudioVersion = 10.0.40219.1
Project("{FAE04EC0-301F-11D3-BF4B-00C04F79EFBC}") = "LogicalPrograms", "LogicalPrograms\LogicalPrograms.csproj", "{1CF15B7E-EA5B-461A-AE58-1D0B7BA8129F}"
EndProject
Global
	GlobalSection(SolutionConfigurationPlatforms) = preSolution
		Debug|Any CPU = Debug|Any CPU
		Release|Any CPU = Release|Any CPU
	EndGlobalSection
	GlobalSection(ProjectConfigurationPlatforms) = postSolution
		{1CF15B7E-EA5B-461A-AE58-1D0B7BA8129F}.Debug|Any CPU.ActiveCfg = Debug|Any CPU
		{1CF15B7E-EA5B-461A-AE58-1D0B7BA8129F}.Debug|Any CPU.Build.0 = Debug|Any CPU
		{1CF15B7E-EA5B-461A-AE58-1D0B7BA8129F}.Release|Any CPU.ActiveCfg = Release|Any CPU
		{1CF15B7E-EA5B-461A-AE58-1D0B7BA8129F}.Release|Any CPU.Build.0 = Release|Any CPU
	EndGlobalSection
	GlobalSection(SolutionProperties) = preSolution
		HideSolutionNode = FALSE
	EndGlobalSection
	GlobalSection(ExtensibilityGlobals) = postSolution
		SolutionGuid = {4BD35683-654B-4277-AA64-16B136082E7F}
	EndGlobalSection
EndGlobal
